
Microsoft Visual Studio Solution File, Format Version 12.00
Project("{FAE04EC0-301F-11D3-BF4B-00C04F79EFBC}") = "Mission5Assignment", "Mission5Assignment\Mission5Assignment.csproj", "{90BC2022-51B2-461D-A009-5EDE62BB9AF2}"
EndProject
Global
	GlobalSection(SolutionConfigurationPlatforms) = preSolution
		Debug|Any CPU = Debug|Any CPU
		Release|Any CPU = Release|Any CPU
	EndGlobalSection
	GlobalSection(ProjectConfigurationPlatforms) = postSolution
		{90BC2022-51B2-461D-A009-5EDE62BB9AF2}.Debug|Any CPU.ActiveCfg = Debug|Any CPU
		{90BC2022-51B2-461D-A009-5EDE62BB9AF2}.Debug|Any CPU.Build.0 = Debug|Any CPU
		{90BC2022-51B2-461D-A009-5EDE62BB9AF2}.Release|Any CPU.ActiveCfg = Release|Any CPU
		{90BC2022-51B2-461D-A009-5EDE62BB9AF2}.Release|Any CPU.Build.0 = Release|Any CPU
	EndGlobalSection
EndGlobal
